
Microsoft Visual Studio Solution File, Format Version 12.00
# Visual Studio Version 17
VisualStudioVersion = 17.11.35303.130
MinimumVisualStudioVersion = 10.0.40219.1
Project("{FAE04EC0-301F-11D3-BF4B-00C04F79EFBC}") = "PlatformLearn", "PlatformLearn\PlatformLearn.csproj", "{BAB18492-4371-404C-A9CB-796A99F8DB44}"
EndProject
Project("{FAE04EC0-301F-11D3-BF4B-00C04F79EFBC}") = "Authentication", "Authorizaion\Authentication.csproj", "{6C3F3F7A-11DA-4340-9E6C-FB132986327D}"
EndProject
Project("{FAE04EC0-301F-11D3-BF4B-00C04F79EFBC}") = "DataAccessLayer", "DataAccessLayer\DataAccessLayer.csproj", "{603AC225-80F1-4AE1-8FFE-69B3D7F3F179}"
EndProject
Global
	GlobalSection(SolutionConfigurationPlatforms) = preSolution
		Debug|Any CPU = Debug|Any CPU
		Release|Any CPU = Release|Any CPU
	EndGlobalSection
	GlobalSection(ProjectConfigurationPlatforms) = postSolution
		{BAB18492-4371-404C-A9CB-796A99F8DB44}.Debug|Any CPU.ActiveCfg = Debug|Any CPU
		{BAB18492-4371-404C-A9CB-796A99F8DB44}.Debug|Any CPU.Build.0 = Debug|Any CPU
		{BAB18492-4371-404C-A9CB-796A99F8DB44}.Release|Any CPU.ActiveCfg = Release|Any CPU
		{BAB18492-4371-404C-A9CB-796A99F8DB44}.Release|Any CPU.Build.0 = Release|Any CPU
		{6C3F3F7A-11DA-4340-9E6C-FB132986327D}.Debug|Any CPU.ActiveCfg = Debug|Any CPU
		{6C3F3F7A-11DA-4340-9E6C-FB132986327D}.Debug|Any CPU.Build.0 = Debug|Any CPU
		{6C3F3F7A-11DA-4340-9E6C-FB132986327D}.Release|Any CPU.ActiveCfg = Release|Any CPU
		{6C3F3F7A-11DA-4340-9E6C-FB132986327D}.Release|Any CPU.Build.0 = Release|Any CPU
		{603AC225-80F1-4AE1-8FFE-69B3D7F3F179}.Debug|Any CPU.ActiveCfg = Debug|Any CPU
		{603AC225-80F1-4AE1-8FFE-69B3D7F3F179}.Debug|Any CPU.Build.0 = Debug|Any CPU
		{603AC225-80F1-4AE1-8FFE-69B3D7F3F179}.Release|Any CPU.ActiveCfg = Release|Any CPU
		{603AC225-80F1-4AE1-8FFE-69B3D7F3F179}.Release|Any CPU.Build.0 = Release|Any CPU
	EndGlobalSection
	GlobalSection(SolutionProperties) = preSolution
		HideSolutionNode = FALSE
	EndGlobalSection
	GlobalSection(ExtensibilityGlobals) = postSolution
		SolutionGuid = {D7222AE2-CEBB-4892-8AEC-4E974147A18F}
	EndGlobalSection
EndGlobal
