
Microsoft Visual Studio Solution File, Format Version 12.00
# Visual Studio Version 17
VisualStudioVersion = 17.11.35303.130
MinimumVisualStudioVersion = 10.0.40219.1
Project("{9A19103F-16F7-4668-BE54-9A1E7A4F7556}") = "PlatformLearnWebApi", "PlatformLearn\PlatformLearnWebApi.csproj", "{BAB18492-4371-404C-A9CB-796A99F8DB44}"
EndProject
Project("{9A19103F-16F7-4668-BE54-9A1E7A4F7556}") = "Authentication", "Authorizaion\Authentication.csproj", "{6C3F3F7A-11DA-4340-9E6C-FB132986327D}"
EndProject
Project("{9A19103F-16F7-4668-BE54-9A1E7A4F7556}") = "DataAccessLayer", "DataAccessLayer\DataAccessLayer.csproj", "{603AC225-80F1-4AE1-8FFE-69B3D7F3F179}"
EndProject
Project("{2150E333-8FDC-42A3-9474-1A3956D46DE8}") = "gRPC", "gRPC", "{88F8830A-4764-4675-8005-C87C2313D2CA}"
EndProject
Project("{FAE04EC0-301F-11D3-BF4B-00C04F79EFBC}") = "GrpcContract", "GrpcContract\GrpcContract.csproj", "{540709DE-8438-424F-A2C2-E75C48E28E9B}"
EndProject
Project("{2150E333-8FDC-42A3-9474-1A3956D46DE8}") = "ServicesGRPC", "ServicesGRPC", "{4E054A83-DC9D-422B-8616-A9D1BFA1DC6D}"
EndProject
Project("{2150E333-8FDC-42A3-9474-1A3956D46DE8}") = "Core", "Core", "{69CA6140-8EC0-48C7-B1DE-FA16823F5C38}"
EndProject
Project("{FAE04EC0-301F-11D3-BF4B-00C04F79EFBC}") = "Core", "Core\Core.csproj", "{AC896968-2A4E-46A7-B408-BB3B73F3F732}"
EndProject
Project("{9A19103F-16F7-4668-BE54-9A1E7A4F7556}") = "AuthService", "AuthService\AuthService.csproj", "{E3A9AEEF-E7CA-41DE-A11D-B892B56193A8}"
EndProject
Global
	GlobalSection(SolutionConfigurationPlatforms) = preSolution
		Debug|Any CPU = Debug|Any CPU
		Release|Any CPU = Release|Any CPU
	EndGlobalSection
	GlobalSection(ProjectConfigurationPlatforms) = postSolution
		{BAB18492-4371-404C-A9CB-796A99F8DB44}.Debug|Any CPU.ActiveCfg = Debug|Any CPU
		{BAB18492-4371-404C-A9CB-796A99F8DB44}.Debug|Any CPU.Build.0 = Debug|Any CPU
		{BAB18492-4371-404C-A9CB-796A99F8DB44}.Release|Any CPU.ActiveCfg = Release|Any CPU
		{BAB18492-4371-404C-A9CB-796A99F8DB44}.Release|Any CPU.Build.0 = Release|Any CPU
		{6C3F3F7A-11DA-4340-9E6C-FB132986327D}.Debug|Any CPU.ActiveCfg = Debug|Any CPU
		{6C3F3F7A-11DA-4340-9E6C-FB132986327D}.Debug|Any CPU.Build.0 = Debug|Any CPU
		{6C3F3F7A-11DA-4340-9E6C-FB132986327D}.Release|Any CPU.ActiveCfg = Release|Any CPU
		{6C3F3F7A-11DA-4340-9E6C-FB132986327D}.Release|Any CPU.Build.0 = Release|Any CPU
		{603AC225-80F1-4AE1-8FFE-69B3D7F3F179}.Debug|Any CPU.ActiveCfg = Debug|Any CPU
		{603AC225-80F1-4AE1-8FFE-69B3D7F3F179}.Debug|Any CPU.Build.0 = Debug|Any CPU
		{603AC225-80F1-4AE1-8FFE-69B3D7F3F179}.Release|Any CPU.ActiveCfg = Release|Any CPU
		{603AC225-80F1-4AE1-8FFE-69B3D7F3F179}.Release|Any CPU.Build.0 = Release|Any CPU
		{540709DE-8438-424F-A2C2-E75C48E28E9B}.Debug|Any CPU.ActiveCfg = Debug|Any CPU
		{540709DE-8438-424F-A2C2-E75C48E28E9B}.Debug|Any CPU.Build.0 = Debug|Any CPU
		{540709DE-8438-424F-A2C2-E75C48E28E9B}.Release|Any CPU.ActiveCfg = Release|Any CPU
		{540709DE-8438-424F-A2C2-E75C48E28E9B}.Release|Any CPU.Build.0 = Release|Any CPU
		{AC896968-2A4E-46A7-B408-BB3B73F3F732}.Debug|Any CPU.ActiveCfg = Debug|Any CPU
		{AC896968-2A4E-46A7-B408-BB3B73F3F732}.Debug|Any CPU.Build.0 = Debug|Any CPU
		{AC896968-2A4E-46A7-B408-BB3B73F3F732}.Release|Any CPU.ActiveCfg = Release|Any CPU
		{AC896968-2A4E-46A7-B408-BB3B73F3F732}.Release|Any CPU.Build.0 = Release|Any CPU
		{E3A9AEEF-E7CA-41DE-A11D-B892B56193A8}.Debug|Any CPU.ActiveCfg = Debug|Any CPU
		{E3A9AEEF-E7CA-41DE-A11D-B892B56193A8}.Debug|Any CPU.Build.0 = Debug|Any CPU
		{E3A9AEEF-E7CA-41DE-A11D-B892B56193A8}.Release|Any CPU.ActiveCfg = Release|Any CPU
		{E3A9AEEF-E7CA-41DE-A11D-B892B56193A8}.Release|Any CPU.Build.0 = Release|Any CPU
	EndGlobalSection
	GlobalSection(SolutionProperties) = preSolution
		HideSolutionNode = FALSE
	EndGlobalSection
	GlobalSection(NestedProjects) = preSolution
		{540709DE-8438-424F-A2C2-E75C48E28E9B} = {88F8830A-4764-4675-8005-C87C2313D2CA}
		{AC896968-2A4E-46A7-B408-BB3B73F3F732} = {69CA6140-8EC0-48C7-B1DE-FA16823F5C38}
		{E3A9AEEF-E7CA-41DE-A11D-B892B56193A8} = {4E054A83-DC9D-422B-8616-A9D1BFA1DC6D}
	EndGlobalSection
	GlobalSection(ExtensibilityGlobals) = postSolution
		SolutionGuid = {D7222AE2-CEBB-4892-8AEC-4E974147A18F}
	EndGlobalSection
EndGlobal
